
Microsoft Visual Studio Solution File, Format Version 12.00
# Visual Studio Version 17
VisualStudioVersion = 17.8.34525.116
MinimumVisualStudioVersion = 10.0.40219.1
Project("{FAE04EC0-301F-11D3-BF4B-00C04F79EFBC}") = "FileMover", "FileMover\FileMover.csproj", "{93572236-BEF6-485F-BFFE-0D38AE865C5E}"
EndProject
Global
	GlobalSection(SolutionConfigurationPlatforms) = preSolution
		Debug|Any CPU = Debug|Any CPU
		Release|Any CPU = Release|Any CPU
	EndGlobalSection
	GlobalSection(ProjectConfigurationPlatforms) = postSolution
		{93572236-BEF6-485F-BFFE-0D38AE865C5E}.Debug|Any CPU.ActiveCfg = Debug|Any CPU
		{93572236-BEF6-485F-BFFE-0D38AE865C5E}.Debug|Any CPU.Build.0 = Debug|Any CPU
		{93572236-BEF6-485F-BFFE-0D38AE865C5E}.Release|Any CPU.ActiveCfg = Release|Any CPU
		{93572236-BEF6-485F-BFFE-0D38AE865C5E}.Release|Any CPU.Build.0 = Release|Any CPU
	EndGlobalSection
	GlobalSection(SolutionProperties) = preSolution
		HideSolutionNode = FALSE
	EndGlobalSection
	GlobalSection(ExtensibilityGlobals) = postSolution
		SolutionGuid = {418C3228-DBDE-4202-A56E-F3FBF72705C2}
	EndGlobalSection
EndGlobal
